
Microsoft Visual Studio Solution File, Format Version 12.00
# Visual Studio 15
VisualStudioVersion = 15.0.28010.2003
MinimumVisualStudioVersion = 10.0.40219.1
Project("{FAE04EC0-301F-11D3-BF4B-00C04F79EFBC}") = "Freenom-Dns-Updater", "Freenom-Dns-Updater\Freenom-Dns-Updater.csproj", "{CCD0D90B-3265-4EE9-9D2D-1727888A323C}"
EndProject
Global
	GlobalSection(SolutionConfigurationPlatforms) = preSolution
		Debug|Any CPU = Debug|Any CPU
		Release|Any CPU = Release|Any CPU
	EndGlobalSection
	GlobalSection(ProjectConfigurationPlatforms) = postSolution
		{CCD0D90B-3265-4EE9-9D2D-1727888A323C}.Debug|Any CPU.ActiveCfg = Debug|Any CPU
		{CCD0D90B-3265-4EE9-9D2D-1727888A323C}.Debug|Any CPU.Build.0 = Debug|Any CPU
		{CCD0D90B-3265-4EE9-9D2D-1727888A323C}.Release|Any CPU.ActiveCfg = Release|Any CPU
		{CCD0D90B-3265-4EE9-9D2D-1727888A323C}.Release|Any CPU.Build.0 = Release|Any CPU
	EndGlobalSection
	GlobalSection(SolutionProperties) = preSolution
		HideSolutionNode = FALSE
	EndGlobalSection
	GlobalSection(ExtensibilityGlobals) = postSolution
		SolutionGuid = {3F9A7582-FA78-4C84-9DEB-322D438C0B87}
	EndGlobalSection
EndGlobal
